// !$*UTF8*$!
{
	archiveVersion = 1;
	classes = {
	};
	objectVersion = 56;
	objects = {

/* Begin PBXBuildFile section */
		5275296B2C0D95F10002513F /* CreateAccountViewController.swift in Sources */ = {isa = PBXBuildFile; fileRef = 5275296A2C0D95F10002513F /* CreateAccountViewController.swift */; };
		F4AF2A1D2C12EC3E00553A20 /* AlertView.swift in Sources */ = {isa = PBXBuildFile; fileRef = F4AF2A1C2C12EC3E00553A20 /* AlertView.swift */; };
		F4E04FFB2C0D8DE900802477 /* FSCalendar in Frameworks */ = {isa = PBXBuildFile; productRef = F4E04FFA2C0D8DE900802477 /* FSCalendar */; };
		F4E04FFF2C0DC08400802477 /* BadgeViewCell.swift in Sources */ = {isa = PBXBuildFile; fileRef = F4E04FFE2C0DC08400802477 /* BadgeViewCell.swift */; };
		F4E050012C0EA02900802477 /* CalendarCell.swift in Sources */ = {isa = PBXBuildFile; fileRef = F4E050002C0EA02900802477 /* CalendarCell.swift */; };
		FF0071482C074D86000AE7AA /* AppDelegate.swift in Sources */ = {isa = PBXBuildFile; fileRef = FF0071472C074D86000AE7AA /* AppDelegate.swift */; };
		FF00714A2C074D86000AE7AA /* SceneDelegate.swift in Sources */ = {isa = PBXBuildFile; fileRef = FF0071492C074D86000AE7AA /* SceneDelegate.swift */; };
		FF00714F2C074D86000AE7AA /* Base in Resources */ = {isa = PBXBuildFile; fileRef = FF00714E2C074D86000AE7AA /* Base */; };
		FF0071522C074D86000AE7AA /* StudyGaemi.xcdatamodeld in Sources */ = {isa = PBXBuildFile; fileRef = FF0071502C074D86000AE7AA /* StudyGaemi.xcdatamodeld */; };
		FF0071542C074D88000AE7AA /* Assets.xcassets in Resources */ = {isa = PBXBuildFile; fileRef = FF0071532C074D88000AE7AA /* Assets.xcassets */; };
		FF0071572C074D88000AE7AA /* Base in Resources */ = {isa = PBXBuildFile; fileRef = FF0071562C074D88000AE7AA /* Base */; };
		FF0071602C074DAD000AE7AA /* SnapKit in Frameworks */ = {isa = PBXBuildFile; productRef = FF00715F2C074DAD000AE7AA /* SnapKit */; };
		FF0071632C074DB7000AE7AA /* Then in Frameworks */ = {isa = PBXBuildFile; productRef = FF0071622C074DB7000AE7AA /* Then */; };
		FF0071662C074DCD000AE7AA /* KakaoSDK in Frameworks */ = {isa = PBXBuildFile; productRef = FF0071652C074DCD000AE7AA /* KakaoSDK */; };
		FF0071682C074DCD000AE7AA /* KakaoSDKAuth in Frameworks */ = {isa = PBXBuildFile; productRef = FF0071672C074DCD000AE7AA /* KakaoSDKAuth */; };
		FF00716B2C074DFA000AE7AA /* FirebaseAuth in Frameworks */ = {isa = PBXBuildFile; productRef = FF00716A2C074DFA000AE7AA /* FirebaseAuth */; };
		FF00716D2C074DFA000AE7AA /* FirebaseAuthCombine-Community in Frameworks */ = {isa = PBXBuildFile; productRef = FF00716C2C074DFA000AE7AA /* FirebaseAuthCombine-Community */; };
		FF00716F2C074DFA000AE7AA /* FirebaseDatabase in Frameworks */ = {isa = PBXBuildFile; productRef = FF00716E2C074DFA000AE7AA /* FirebaseDatabase */; };
		FF0071712C074DFA000AE7AA /* FirebaseDatabaseSwift in Frameworks */ = {isa = PBXBuildFile; productRef = FF0071702C074DFA000AE7AA /* FirebaseDatabaseSwift */; };
		FF0071732C074DFA000AE7AA /* FirebaseStorage in Frameworks */ = {isa = PBXBuildFile; productRef = FF0071722C074DFA000AE7AA /* FirebaseStorage */; };
		FF0071752C074DFA000AE7AA /* FirebaseStorageCombine-Community in Frameworks */ = {isa = PBXBuildFile; productRef = FF0071742C074DFA000AE7AA /* FirebaseStorageCombine-Community */; };
		FF0071772C074E0C000AE7AA /* BaseViewController.swift in Sources */ = {isa = PBXBuildFile; fileRef = FF0071762C074E0C000AE7AA /* BaseViewController.swift */; };
		FF0071792C0750B7000AE7AA /* BottomTabBarViewController.swift in Sources */ = {isa = PBXBuildFile; fileRef = FF0071782C0750B7000AE7AA /* BottomTabBarViewController.swift */; };
		FF00717B2C075429000AE7AA /* AlarmViewController.swift in Sources */ = {isa = PBXBuildFile; fileRef = FF00717A2C075429000AE7AA /* AlarmViewController.swift */; };
		FF00717D2C075438000AE7AA /* StudyViewController.swift in Sources */ = {isa = PBXBuildFile; fileRef = FF00717C2C075438000AE7AA /* StudyViewController.swift */; };
		FF00717F2C075446000AE7AA /* CalendarViewController.swift in Sources */ = {isa = PBXBuildFile; fileRef = FF00717E2C075446000AE7AA /* CalendarViewController.swift */; };
		FF0071812C075454000AE7AA /* SettingViewController.swift in Sources */ = {isa = PBXBuildFile; fileRef = FF0071802C075454000AE7AA /* SettingViewController.swift */; };
		FF00718F2C0840D6000AE7AA /* Pretendard-Regular.otf in Resources */ = {isa = PBXBuildFile; fileRef = FF0071862C0840D5000AE7AA /* Pretendard-Regular.otf */; };
		FF0071902C0840D6000AE7AA /* Pretendard-Black.otf in Resources */ = {isa = PBXBuildFile; fileRef = FF0071872C0840D5000AE7AA /* Pretendard-Black.otf */; };
		FF0071912C0840D6000AE7AA /* Pretendard-Light.otf in Resources */ = {isa = PBXBuildFile; fileRef = FF0071882C0840D5000AE7AA /* Pretendard-Light.otf */; };
		FF0071922C0840D6000AE7AA /* Pretendard-ExtraLight.otf in Resources */ = {isa = PBXBuildFile; fileRef = FF0071892C0840D5000AE7AA /* Pretendard-ExtraLight.otf */; };
		FF0071932C0840D6000AE7AA /* Pretendard-Thin.otf in Resources */ = {isa = PBXBuildFile; fileRef = FF00718A2C0840D5000AE7AA /* Pretendard-Thin.otf */; };
		FF0071942C0840D6000AE7AA /* Pretendard-Medium.otf in Resources */ = {isa = PBXBuildFile; fileRef = FF00718B2C0840D5000AE7AA /* Pretendard-Medium.otf */; };
		FF0071952C0840D6000AE7AA /* Pretendard-SemiBold.otf in Resources */ = {isa = PBXBuildFile; fileRef = FF00718C2C0840D5000AE7AA /* Pretendard-SemiBold.otf */; };
		FF0071962C0840D6000AE7AA /* Pretendard-ExtraBold.otf in Resources */ = {isa = PBXBuildFile; fileRef = FF00718D2C0840D5000AE7AA /* Pretendard-ExtraBold.otf */; };
		FF0071972C0840D6000AE7AA /* Pretendard-Bold.otf in Resources */ = {isa = PBXBuildFile; fileRef = FF00718E2C0840D6000AE7AA /* Pretendard-Bold.otf */; };
		FF0071992C08432E000AE7AA /* CustomFontType.swift in Sources */ = {isa = PBXBuildFile; fileRef = FF0071982C08432E000AE7AA /* CustomFontType.swift */; };
		FF00719B2C086809000AE7AA /* LoginViewController.swift in Sources */ = {isa = PBXBuildFile; fileRef = FF00719A2C086809000AE7AA /* LoginViewController.swift */; };
		FF00719D2C09B96B000AE7AA /* CustomButton.swift in Sources */ = {isa = PBXBuildFile; fileRef = FF00719C2C09B96B000AE7AA /* CustomButton.swift */; };
		FF00719F2C09FFA6000AE7AA /* CustomTextField.swift in Sources */ = {isa = PBXBuildFile; fileRef = FF00719E2C09FFA6000AE7AA /* CustomTextField.swift */; };
		FF6774002C0D96AE00017E1F /* AlarmButton.swift in Sources */ = {isa = PBXBuildFile; fileRef = FF6773FF2C0D96AE00017E1F /* AlarmButton.swift */; };
		FF6774022C0DACF800017E1F /* AlarmController.swift in Sources */ = {isa = PBXBuildFile; fileRef = FF6774012C0DACF800017E1F /* AlarmController.swift */; };
		FF6774042C0DB07E00017E1F /* AlarmSettingView.swift in Sources */ = {isa = PBXBuildFile; fileRef = FF6774032C0DB07E00017E1F /* AlarmSettingView.swift */; };
/* End PBXBuildFile section */

/* Begin PBXFileReference section */
		5275296A2C0D95F10002513F /* CreateAccountViewController.swift */ = {isa = PBXFileReference; lastKnownFileType = sourcecode.swift; path = CreateAccountViewController.swift; sourceTree = "<group>"; };
		F4AF2A1C2C12EC3E00553A20 /* AlertView.swift */ = {isa = PBXFileReference; lastKnownFileType = sourcecode.swift; path = AlertView.swift; sourceTree = "<group>"; };
		F4E04FFE2C0DC08400802477 /* BadgeViewCell.swift */ = {isa = PBXFileReference; lastKnownFileType = sourcecode.swift; path = BadgeViewCell.swift; sourceTree = "<group>"; };
		F4E050002C0EA02900802477 /* CalendarCell.swift */ = {isa = PBXFileReference; lastKnownFileType = sourcecode.swift; path = CalendarCell.swift; sourceTree = "<group>"; };
		FF0071442C074D86000AE7AA /* StudyGaemi.app */ = {isa = PBXFileReference; explicitFileType = wrapper.application; includeInIndex = 0; path = StudyGaemi.app; sourceTree = BUILT_PRODUCTS_DIR; };
		FF0071472C074D86000AE7AA /* AppDelegate.swift */ = {isa = PBXFileReference; lastKnownFileType = sourcecode.swift; path = AppDelegate.swift; sourceTree = "<group>"; };
		FF0071492C074D86000AE7AA /* SceneDelegate.swift */ = {isa = PBXFileReference; lastKnownFileType = sourcecode.swift; path = SceneDelegate.swift; sourceTree = "<group>"; };
		FF00714E2C074D86000AE7AA /* Base */ = {isa = PBXFileReference; lastKnownFileType = file.storyboard; name = Base; path = Base.lproj/Main.storyboard; sourceTree = "<group>"; };
		FF0071512C074D86000AE7AA /* StudyGaemi.xcdatamodel */ = {isa = PBXFileReference; lastKnownFileType = wrapper.xcdatamodel; path = StudyGaemi.xcdatamodel; sourceTree = "<group>"; };
		FF0071532C074D88000AE7AA /* Assets.xcassets */ = {isa = PBXFileReference; lastKnownFileType = folder.assetcatalog; path = Assets.xcassets; sourceTree = "<group>"; };
		FF0071562C074D88000AE7AA /* Base */ = {isa = PBXFileReference; lastKnownFileType = file.storyboard; name = Base; path = Base.lproj/LaunchScreen.storyboard; sourceTree = "<group>"; };
		FF0071582C074D88000AE7AA /* Info.plist */ = {isa = PBXFileReference; lastKnownFileType = text.plist.xml; path = Info.plist; sourceTree = "<group>"; };
		FF0071762C074E0C000AE7AA /* BaseViewController.swift */ = {isa = PBXFileReference; lastKnownFileType = sourcecode.swift; path = BaseViewController.swift; sourceTree = "<group>"; };
		FF0071782C0750B7000AE7AA /* BottomTabBarViewController.swift */ = {isa = PBXFileReference; lastKnownFileType = sourcecode.swift; path = BottomTabBarViewController.swift; sourceTree = "<group>"; };
		FF00717A2C075429000AE7AA /* AlarmViewController.swift */ = {isa = PBXFileReference; lastKnownFileType = sourcecode.swift; path = AlarmViewController.swift; sourceTree = "<group>"; };
		FF00717C2C075438000AE7AA /* StudyViewController.swift */ = {isa = PBXFileReference; lastKnownFileType = sourcecode.swift; path = StudyViewController.swift; sourceTree = "<group>"; };
		FF00717E2C075446000AE7AA /* CalendarViewController.swift */ = {isa = PBXFileReference; lastKnownFileType = sourcecode.swift; path = CalendarViewController.swift; sourceTree = "<group>"; };
		FF0071802C075454000AE7AA /* SettingViewController.swift */ = {isa = PBXFileReference; lastKnownFileType = sourcecode.swift; path = SettingViewController.swift; sourceTree = "<group>"; };
		FF0071862C0840D5000AE7AA /* Pretendard-Regular.otf */ = {isa = PBXFileReference; lastKnownFileType = file; path = "Pretendard-Regular.otf"; sourceTree = "<group>"; };
		FF0071872C0840D5000AE7AA /* Pretendard-Black.otf */ = {isa = PBXFileReference; lastKnownFileType = file; path = "Pretendard-Black.otf"; sourceTree = "<group>"; };
		FF0071882C0840D5000AE7AA /* Pretendard-Light.otf */ = {isa = PBXFileReference; lastKnownFileType = file; path = "Pretendard-Light.otf"; sourceTree = "<group>"; };
		FF0071892C0840D5000AE7AA /* Pretendard-ExtraLight.otf */ = {isa = PBXFileReference; lastKnownFileType = file; path = "Pretendard-ExtraLight.otf"; sourceTree = "<group>"; };
		FF00718A2C0840D5000AE7AA /* Pretendard-Thin.otf */ = {isa = PBXFileReference; lastKnownFileType = file; path = "Pretendard-Thin.otf"; sourceTree = "<group>"; };
		FF00718B2C0840D5000AE7AA /* Pretendard-Medium.otf */ = {isa = PBXFileReference; lastKnownFileType = file; path = "Pretendard-Medium.otf"; sourceTree = "<group>"; };
		FF00718C2C0840D5000AE7AA /* Pretendard-SemiBold.otf */ = {isa = PBXFileReference; lastKnownFileType = file; path = "Pretendard-SemiBold.otf"; sourceTree = "<group>"; };
		FF00718D2C0840D5000AE7AA /* Pretendard-ExtraBold.otf */ = {isa = PBXFileReference; lastKnownFileType = file; path = "Pretendard-ExtraBold.otf"; sourceTree = "<group>"; };
		FF00718E2C0840D6000AE7AA /* Pretendard-Bold.otf */ = {isa = PBXFileReference; lastKnownFileType = file; path = "Pretendard-Bold.otf"; sourceTree = "<group>"; };
		FF0071982C08432E000AE7AA /* CustomFontType.swift */ = {isa = PBXFileReference; lastKnownFileType = sourcecode.swift; path = CustomFontType.swift; sourceTree = "<group>"; };
		FF00719A2C086809000AE7AA /* LoginViewController.swift */ = {isa = PBXFileReference; fileEncoding = 4; lastKnownFileType = sourcecode.swift; path = LoginViewController.swift; sourceTree = "<group>"; };
		FF00719C2C09B96B000AE7AA /* CustomButton.swift */ = {isa = PBXFileReference; lastKnownFileType = sourcecode.swift; path = CustomButton.swift; sourceTree = "<group>"; };
		FF00719E2C09FFA6000AE7AA /* CustomTextField.swift */ = {isa = PBXFileReference; lastKnownFileType = sourcecode.swift; path = CustomTextField.swift; sourceTree = "<group>"; };
		FF6773FF2C0D96AE00017E1F /* AlarmButton.swift */ = {isa = PBXFileReference; lastKnownFileType = sourcecode.swift; path = AlarmButton.swift; sourceTree = "<group>"; };
		FF6774012C0DACF800017E1F /* AlarmController.swift */ = {isa = PBXFileReference; lastKnownFileType = sourcecode.swift; path = AlarmController.swift; sourceTree = "<group>"; };
		FF6774032C0DB07E00017E1F /* AlarmSettingView.swift */ = {isa = PBXFileReference; lastKnownFileType = sourcecode.swift; path = AlarmSettingView.swift; sourceTree = "<group>"; };
/* End PBXFileReference section */

/* Begin PBXFrameworksBuildPhase section */
		FF0071412C074D86000AE7AA /* Frameworks */ = {
			isa = PBXFrameworksBuildPhase;
			buildActionMask = 2147483647;
			files = (
				FF0071712C074DFA000AE7AA /* FirebaseDatabaseSwift in Frameworks */,
				FF0071602C074DAD000AE7AA /* SnapKit in Frameworks */,
				FF0071752C074DFA000AE7AA /* FirebaseStorageCombine-Community in Frameworks */,
				FF0071732C074DFA000AE7AA /* FirebaseStorage in Frameworks */,
				FF00716D2C074DFA000AE7AA /* FirebaseAuthCombine-Community in Frameworks */,
				FF00716B2C074DFA000AE7AA /* FirebaseAuth in Frameworks */,
				FF0071632C074DB7000AE7AA /* Then in Frameworks */,
				FF0071662C074DCD000AE7AA /* KakaoSDK in Frameworks */,
				FF00716F2C074DFA000AE7AA /* FirebaseDatabase in Frameworks */,
				FF0071682C074DCD000AE7AA /* KakaoSDKAuth in Frameworks */,
				F4E04FFB2C0D8DE900802477 /* FSCalendar in Frameworks */,
			);
			runOnlyForDeploymentPostprocessing = 0;
		};
/* End PBXFrameworksBuildPhase section */

/* Begin PBXGroup section */
		FF00713B2C074D86000AE7AA = {
			isa = PBXGroup;
			children = (
				FF0071462C074D86000AE7AA /* StudyGaemi */,
				FF0071452C074D86000AE7AA /* Products */,
			);
			sourceTree = "<group>";
		};
		FF0071452C074D86000AE7AA /* Products */ = {
			isa = PBXGroup;
			children = (
				FF0071442C074D86000AE7AA /* StudyGaemi.app */,
			);
			name = Products;
			sourceTree = "<group>";
		};
		FF0071462C074D86000AE7AA /* StudyGaemi */ = {
			isa = PBXGroup;
			children = (
				FF0071842C082573000AE7AA /* Models */,
				FF0071832C08256A000AE7AA /* Views */,
				FF0071822C08255F000AE7AA /* Controllers */,
				FF0071472C074D86000AE7AA /* AppDelegate.swift */,
				FF0071852C0840B9000AE7AA /* Fonts */,
				FF0071492C074D86000AE7AA /* SceneDelegate.swift */,
				FF00714D2C074D86000AE7AA /* Main.storyboard */,
				FF0071532C074D88000AE7AA /* Assets.xcassets */,
				FF0071552C074D88000AE7AA /* LaunchScreen.storyboard */,
				FF0071582C074D88000AE7AA /* Info.plist */,
				FF0071502C074D86000AE7AA /* StudyGaemi.xcdatamodeld */,
				FF0071982C08432E000AE7AA /* CustomFontType.swift */,
			);
			path = StudyGaemi;
			sourceTree = "<group>";
		};
		FF0071822C08255F000AE7AA /* Controllers */ = {
			isa = PBXGroup;
			children = (
				FF6774012C0DACF800017E1F /* AlarmController.swift */,
			);
			path = Controllers;
			sourceTree = "<group>";
		};
		FF0071832C08256A000AE7AA /* Views */ = {
			isa = PBXGroup;
			children = (
				FF0071762C074E0C000AE7AA /* BaseViewController.swift */,
				FF0071782C0750B7000AE7AA /* BottomTabBarViewController.swift */,
				FF00717A2C075429000AE7AA /* AlarmViewController.swift */,
				FF00717C2C075438000AE7AA /* StudyViewController.swift */,
				FF00717E2C075446000AE7AA /* CalendarViewController.swift */,
				FF0071802C075454000AE7AA /* SettingViewController.swift */,
				FF00719A2C086809000AE7AA /* LoginViewController.swift */,
				5275296A2C0D95F10002513F /* CreateAccountViewController.swift */,
				FF00719C2C09B96B000AE7AA /* CustomButton.swift */,
				FF00719E2C09FFA6000AE7AA /* CustomTextField.swift */,
				FF6773FF2C0D96AE00017E1F /* AlarmButton.swift */,
				FF6774032C0DB07E00017E1F /* AlarmSettingView.swift */,
				F4E04FFE2C0DC08400802477 /* BadgeViewCell.swift */,
				F4E050002C0EA02900802477 /* CalendarCell.swift */,
				F4AF2A1C2C12EC3E00553A20 /* AlertView.swift */,
			);
			path = Views;
			sourceTree = "<group>";
		};
		FF0071842C082573000AE7AA /* Models */ = {
			isa = PBXGroup;
			children = (
			);
			path = Models;
			sourceTree = "<group>";
		};
		FF0071852C0840B9000AE7AA /* Fonts */ = {
			isa = PBXGroup;
			children = (
				FF0071872C0840D5000AE7AA /* Pretendard-Black.otf */,
				FF00718E2C0840D6000AE7AA /* Pretendard-Bold.otf */,
				FF00718D2C0840D5000AE7AA /* Pretendard-ExtraBold.otf */,
				FF0071892C0840D5000AE7AA /* Pretendard-ExtraLight.otf */,
				FF0071882C0840D5000AE7AA /* Pretendard-Light.otf */,
				FF00718B2C0840D5000AE7AA /* Pretendard-Medium.otf */,
				FF0071862C0840D5000AE7AA /* Pretendard-Regular.otf */,
				FF00718C2C0840D5000AE7AA /* Pretendard-SemiBold.otf */,
				FF00718A2C0840D5000AE7AA /* Pretendard-Thin.otf */,
			);
			path = Fonts;
			sourceTree = "<group>";
		};
/* End PBXGroup section */

/* Begin PBXNativeTarget section */
		FF0071432C074D86000AE7AA /* StudyGaemi */ = {
			isa = PBXNativeTarget;
			buildConfigurationList = FF00715B2C074D88000AE7AA /* Build configuration list for PBXNativeTarget "StudyGaemi" */;
			buildPhases = (
				FF0071402C074D86000AE7AA /* Sources */,
				FF0071412C074D86000AE7AA /* Frameworks */,
				FF0071422C074D86000AE7AA /* Resources */,
			);
			buildRules = (
			);
			dependencies = (
			);
			name = StudyGaemi;
			packageProductDependencies = (
				FF00715F2C074DAD000AE7AA /* SnapKit */,
				FF0071622C074DB7000AE7AA /* Then */,
				FF0071652C074DCD000AE7AA /* KakaoSDK */,
				FF0071672C074DCD000AE7AA /* KakaoSDKAuth */,
				FF00716A2C074DFA000AE7AA /* FirebaseAuth */,
				FF00716C2C074DFA000AE7AA /* FirebaseAuthCombine-Community */,
				FF00716E2C074DFA000AE7AA /* FirebaseDatabase */,
				FF0071702C074DFA000AE7AA /* FirebaseDatabaseSwift */,
				FF0071722C074DFA000AE7AA /* FirebaseStorage */,
				FF0071742C074DFA000AE7AA /* FirebaseStorageCombine-Community */,
				F4E04FFA2C0D8DE900802477 /* FSCalendar */,
			);
			productName = StudyGaemi;
			productReference = FF0071442C074D86000AE7AA /* StudyGaemi.app */;
			productType = "com.apple.product-type.application";
		};
/* End PBXNativeTarget section */

/* Begin PBXProject section */
		FF00713C2C074D86000AE7AA /* Project object */ = {
			isa = PBXProject;
			attributes = {
				BuildIndependentTargetsInParallel = 1;
				LastSwiftUpdateCheck = 1530;
				LastUpgradeCheck = 1530;
				TargetAttributes = {
					FF0071432C074D86000AE7AA = {
						CreatedOnToolsVersion = 15.3;
					};
				};
			};
			buildConfigurationList = FF00713F2C074D86000AE7AA /* Build configuration list for PBXProject "StudyGaemi" */;
			compatibilityVersion = "Xcode 14.0";
			developmentRegion = en;
			hasScannedForEncodings = 0;
			knownRegions = (
				en,
				Base,
			);
			mainGroup = FF00713B2C074D86000AE7AA;
			packageReferences = (
				FF00715E2C074DAD000AE7AA /* XCRemoteSwiftPackageReference "SnapKit" */,
				FF0071612C074DB7000AE7AA /* XCRemoteSwiftPackageReference "Then" */,
				FF0071642C074DCD000AE7AA /* XCRemoteSwiftPackageReference "kakao-ios-sdk" */,
				FF0071692C074DFA000AE7AA /* XCRemoteSwiftPackageReference "firebase-ios-sdk" */,
				F4E04FF92C0D8DE900802477 /* XCRemoteSwiftPackageReference "FSCalendar" */,
			);
			productRefGroup = FF0071452C074D86000AE7AA /* Products */;
			projectDirPath = "";
			projectRoot = "";
			targets = (
				FF0071432C074D86000AE7AA /* StudyGaemi */,
			);
		};
/* End PBXProject section */

/* Begin PBXResourcesBuildPhase section */
		FF0071422C074D86000AE7AA /* Resources */ = {
			isa = PBXResourcesBuildPhase;
			buildActionMask = 2147483647;
			files = (
				FF0071922C0840D6000AE7AA /* Pretendard-ExtraLight.otf in Resources */,
				FF0071972C0840D6000AE7AA /* Pretendard-Bold.otf in Resources */,
				FF0071542C074D88000AE7AA /* Assets.xcassets in Resources */,
				FF00718F2C0840D6000AE7AA /* Pretendard-Regular.otf in Resources */,
				FF0071932C0840D6000AE7AA /* Pretendard-Thin.otf in Resources */,
				FF0071572C074D88000AE7AA /* Base in Resources */,
				FF00714F2C074D86000AE7AA /* Base in Resources */,
				FF0071962C0840D6000AE7AA /* Pretendard-ExtraBold.otf in Resources */,
				FF0071902C0840D6000AE7AA /* Pretendard-Black.otf in Resources */,
				FF0071952C0840D6000AE7AA /* Pretendard-SemiBold.otf in Resources */,
				FF0071912C0840D6000AE7AA /* Pretendard-Light.otf in Resources */,
				FF0071942C0840D6000AE7AA /* Pretendard-Medium.otf in Resources */,
			);
			runOnlyForDeploymentPostprocessing = 0;
		};
/* End PBXResourcesBuildPhase section */

/* Begin PBXSourcesBuildPhase section */
		FF0071402C074D86000AE7AA /* Sources */ = {
			isa = PBXSourcesBuildPhase;
			buildActionMask = 2147483647;
			files = (
				5275296B2C0D95F10002513F /* CreateAccountViewController.swift in Sources */,
				FF0071792C0750B7000AE7AA /* BottomTabBarViewController.swift in Sources */,
				FF0071772C074E0C000AE7AA /* BaseViewController.swift in Sources */,
				FF00717B2C075429000AE7AA /* AlarmViewController.swift in Sources */,
				FF6774002C0D96AE00017E1F /* AlarmButton.swift in Sources */,
				F4AF2A1D2C12EC3E00553A20 /* AlertView.swift in Sources */,
				FF00717D2C075438000AE7AA /* StudyViewController.swift in Sources */,
				FF00719B2C086809000AE7AA /* LoginViewController.swift in Sources */,
				FF0071812C075454000AE7AA /* SettingViewController.swift in Sources */,
				FF6774042C0DB07E00017E1F /* AlarmSettingView.swift in Sources */,
				FF0071482C074D86000AE7AA /* AppDelegate.swift in Sources */,
				F4E050012C0EA02900802477 /* CalendarCell.swift in Sources */,
				FF00717F2C075446000AE7AA /* CalendarViewController.swift in Sources */,
				FF00719D2C09B96B000AE7AA /* CustomButton.swift in Sources */,
				FF00719F2C09FFA6000AE7AA /* CustomTextField.swift in Sources */,
				FF6774022C0DACF800017E1F /* AlarmController.swift in Sources */,
				FF0071992C08432E000AE7AA /* CustomFontType.swift in Sources */,
				FF00714A2C074D86000AE7AA /* SceneDelegate.swift in Sources */,
				F4E04FFF2C0DC08400802477 /* BadgeViewCell.swift in Sources */,
				FF0071522C074D86000AE7AA /* StudyGaemi.xcdatamodeld in Sources */,
			);
			runOnlyForDeploymentPostprocessing = 0;
		};
/* End PBXSourcesBuildPhase section */

/* Begin PBXVariantGroup section */
		FF00714D2C074D86000AE7AA /* Main.storyboard */ = {
			isa = PBXVariantGroup;
			children = (
				FF00714E2C074D86000AE7AA /* Base */,
			);
			name = Main.storyboard;
			sourceTree = "<group>";
		};
		FF0071552C074D88000AE7AA /* LaunchScreen.storyboard */ = {
			isa = PBXVariantGroup;
			children = (
				FF0071562C074D88000AE7AA /* Base */,
			);
			name = LaunchScreen.storyboard;
			sourceTree = "<group>";
		};
/* End PBXVariantGroup section */

/* Begin XCBuildConfiguration section */
		FF0071592C074D88000AE7AA /* Debug */ = {
			isa = XCBuildConfiguration;
			buildSettings = {
				ALWAYS_SEARCH_USER_PATHS = NO;
				ASSETCATALOG_COMPILER_GENERATE_SWIFT_ASSET_SYMBOL_EXTENSIONS = YES;
				CLANG_ANALYZER_NONNULL = YES;
				CLANG_ANALYZER_NUMBER_OBJECT_CONVERSION = YES_AGGRESSIVE;
				CLANG_CXX_LANGUAGE_STANDARD = "gnu++20";
				CLANG_ENABLE_MODULES = YES;
				CLANG_ENABLE_OBJC_ARC = YES;
				CLANG_ENABLE_OBJC_WEAK = YES;
				CLANG_WARN_BLOCK_CAPTURE_AUTORELEASING = YES;
				CLANG_WARN_BOOL_CONVERSION = YES;
				CLANG_WARN_COMMA = YES;
				CLANG_WARN_CONSTANT_CONVERSION = YES;
				CLANG_WARN_DEPRECATED_OBJC_IMPLEMENTATIONS = YES;
				CLANG_WARN_DIRECT_OBJC_ISA_USAGE = YES_ERROR;
				CLANG_WARN_DOCUMENTATION_COMMENTS = YES;
				CLANG_WARN_EMPTY_BODY = YES;
				CLANG_WARN_ENUM_CONVERSION = YES;
				CLANG_WARN_INFINITE_RECURSION = YES;
				CLANG_WARN_INT_CONVERSION = YES;
				CLANG_WARN_NON_LITERAL_NULL_CONVERSION = YES;
				CLANG_WARN_OBJC_IMPLICIT_RETAIN_SELF = YES;
				CLANG_WARN_OBJC_LITERAL_CONVERSION = YES;
				CLANG_WARN_OBJC_ROOT_CLASS = YES_ERROR;
				CLANG_WARN_QUOTED_INCLUDE_IN_FRAMEWORK_HEADER = YES;
				CLANG_WARN_RANGE_LOOP_ANALYSIS = YES;
				CLANG_WARN_STRICT_PROTOTYPES = YES;
				CLANG_WARN_SUSPICIOUS_MOVE = YES;
				CLANG_WARN_UNGUARDED_AVAILABILITY = YES_AGGRESSIVE;
				CLANG_WARN_UNREACHABLE_CODE = YES;
				CLANG_WARN__DUPLICATE_METHOD_MATCH = YES;
				COPY_PHASE_STRIP = NO;
				DEBUG_INFORMATION_FORMAT = dwarf;
				ENABLE_STRICT_OBJC_MSGSEND = YES;
				ENABLE_TESTABILITY = YES;
				ENABLE_USER_SCRIPT_SANDBOXING = YES;
				GCC_C_LANGUAGE_STANDARD = gnu17;
				GCC_DYNAMIC_NO_PIC = NO;
				GCC_NO_COMMON_BLOCKS = YES;
				GCC_OPTIMIZATION_LEVEL = 0;
				GCC_PREPROCESSOR_DEFINITIONS = (
					"DEBUG=1",
					"$(inherited)",
				);
				GCC_WARN_64_TO_32_BIT_CONVERSION = YES;
				GCC_WARN_ABOUT_RETURN_TYPE = YES_ERROR;
				GCC_WARN_UNDECLARED_SELECTOR = YES;
				GCC_WARN_UNINITIALIZED_AUTOS = YES_AGGRESSIVE;
				GCC_WARN_UNUSED_FUNCTION = YES;
				GCC_WARN_UNUSED_VARIABLE = YES;
				IPHONEOS_DEPLOYMENT_TARGET = 15.0;
				LOCALIZATION_PREFERS_STRING_CATALOGS = YES;
				MTL_ENABLE_DEBUG_INFO = INCLUDE_SOURCE;
				MTL_FAST_MATH = YES;
				ONLY_ACTIVE_ARCH = YES;
				SDKROOT = iphoneos;
				SWIFT_ACTIVE_COMPILATION_CONDITIONS = "DEBUG $(inherited)";
				SWIFT_OPTIMIZATION_LEVEL = "-Onone";
			};
			name = Debug;
		};
		FF00715A2C074D88000AE7AA /* Release */ = {
			isa = XCBuildConfiguration;
			buildSettings = {
				ALWAYS_SEARCH_USER_PATHS = NO;
				ASSETCATALOG_COMPILER_GENERATE_SWIFT_ASSET_SYMBOL_EXTENSIONS = YES;
				CLANG_ANALYZER_NONNULL = YES;
				CLANG_ANALYZER_NUMBER_OBJECT_CONVERSION = YES_AGGRESSIVE;
				CLANG_CXX_LANGUAGE_STANDARD = "gnu++20";
				CLANG_ENABLE_MODULES = YES;
				CLANG_ENABLE_OBJC_ARC = YES;
				CLANG_ENABLE_OBJC_WEAK = YES;
				CLANG_WARN_BLOCK_CAPTURE_AUTORELEASING = YES;
				CLANG_WARN_BOOL_CONVERSION = YES;
				CLANG_WARN_COMMA = YES;
				CLANG_WARN_CONSTANT_CONVERSION = YES;
				CLANG_WARN_DEPRECATED_OBJC_IMPLEMENTATIONS = YES;
				CLANG_WARN_DIRECT_OBJC_ISA_USAGE = YES_ERROR;
				CLANG_WARN_DOCUMENTATION_COMMENTS = YES;
				CLANG_WARN_EMPTY_BODY = YES;
				CLANG_WARN_ENUM_CONVERSION = YES;
				CLANG_WARN_INFINITE_RECURSION = YES;
				CLANG_WARN_INT_CONVERSION = YES;
				CLANG_WARN_NON_LITERAL_NULL_CONVERSION = YES;
				CLANG_WARN_OBJC_IMPLICIT_RETAIN_SELF = YES;
				CLANG_WARN_OBJC_LITERAL_CONVERSION = YES;
				CLANG_WARN_OBJC_ROOT_CLASS = YES_ERROR;
				CLANG_WARN_QUOTED_INCLUDE_IN_FRAMEWORK_HEADER = YES;
				CLANG_WARN_RANGE_LOOP_ANALYSIS = YES;
				CLANG_WARN_STRICT_PROTOTYPES = YES;
				CLANG_WARN_SUSPICIOUS_MOVE = YES;
				CLANG_WARN_UNGUARDED_AVAILABILITY = YES_AGGRESSIVE;
				CLANG_WARN_UNREACHABLE_CODE = YES;
				CLANG_WARN__DUPLICATE_METHOD_MATCH = YES;
				COPY_PHASE_STRIP = NO;
				DEBUG_INFORMATION_FORMAT = "dwarf-with-dsym";
				ENABLE_NS_ASSERTIONS = NO;
				ENABLE_STRICT_OBJC_MSGSEND = YES;
				ENABLE_USER_SCRIPT_SANDBOXING = YES;
				GCC_C_LANGUAGE_STANDARD = gnu17;
				GCC_NO_COMMON_BLOCKS = YES;
				GCC_WARN_64_TO_32_BIT_CONVERSION = YES;
				GCC_WARN_ABOUT_RETURN_TYPE = YES_ERROR;
				GCC_WARN_UNDECLARED_SELECTOR = YES;
				GCC_WARN_UNINITIALIZED_AUTOS = YES_AGGRESSIVE;
				GCC_WARN_UNUSED_FUNCTION = YES;
				GCC_WARN_UNUSED_VARIABLE = YES;
				IPHONEOS_DEPLOYMENT_TARGET = 15.0;
				LOCALIZATION_PREFERS_STRING_CATALOGS = YES;
				MTL_ENABLE_DEBUG_INFO = NO;
				MTL_FAST_MATH = YES;
				SDKROOT = iphoneos;
				SWIFT_COMPILATION_MODE = wholemodule;
				VALIDATE_PRODUCT = YES;
			};
			name = Release;
		};
		FF00715C2C074D88000AE7AA /* Debug */ = {
			isa = XCBuildConfiguration;
			buildSettings = {
				ASSETCATALOG_COMPILER_APPICON_NAME = AppIcon;
				ASSETCATALOG_COMPILER_GLOBAL_ACCENT_COLOR_NAME = AccentColor;
				"CODE_SIGN_IDENTITY[sdk=iphoneos*]" = "iPhone Developer";
				CODE_SIGN_STYLE = Manual;
				CURRENT_PROJECT_VERSION = 1;
				DEVELOPMENT_TEAM = "";
				"DEVELOPMENT_TEAM[sdk=iphoneos*]" = FTV7NTFFYN;
				GENERATE_INFOPLIST_FILE = YES;
				INFOPLIST_FILE = StudyGaemi/Info.plist;
				INFOPLIST_KEY_UIApplicationSupportsIndirectInputEvents = YES;
				INFOPLIST_KEY_UILaunchStoryboardName = LaunchScreen;
				INFOPLIST_KEY_UIMainStoryboardFile = Main;
				INFOPLIST_KEY_UISupportedInterfaceOrientations_iPad = "UIInterfaceOrientationPortrait UIInterfaceOrientationPortraitUpsideDown UIInterfaceOrientationLandscapeLeft UIInterfaceOrientationLandscapeRight";
				INFOPLIST_KEY_UISupportedInterfaceOrientations_iPhone = "UIInterfaceOrientationPortrait UIInterfaceOrientationLandscapeLeft UIInterfaceOrientationLandscapeRight";
				IPHONEOS_DEPLOYMENT_TARGET = 15.0;
				LD_RUNPATH_SEARCH_PATHS = (
					"$(inherited)",
					"@executable_path/Frameworks",
				);
				MARKETING_VERSION = 1.0;
				PRODUCT_BUNDLE_IDENTIFIER = com.8ttruck.StudyGaemi;
				PRODUCT_NAME = "$(TARGET_NAME)";
				PROVISIONING_PROFILE_SPECIFIER = "";
				"PROVISIONING_PROFILE_SPECIFIER[sdk=iphoneos*]" = "Gaemi Dev";
				SWIFT_EMIT_LOC_STRINGS = YES;
				SWIFT_VERSION = 5.0;
				TARGETED_DEVICE_FAMILY = "1,2";
			};
			name = Debug;
		};
		FF00715D2C074D88000AE7AA /* Release */ = {
			isa = XCBuildConfiguration;
			buildSettings = {
				ASSETCATALOG_COMPILER_APPICON_NAME = AppIcon;
				ASSETCATALOG_COMPILER_GLOBAL_ACCENT_COLOR_NAME = AccentColor;
				"CODE_SIGN_IDENTITY[sdk=iphoneos*]" = "iPhone Developer";
				CODE_SIGN_STYLE = Manual;
				CURRENT_PROJECT_VERSION = 1;
				DEVELOPMENT_TEAM = "";
				"DEVELOPMENT_TEAM[sdk=iphoneos*]" = FTV7NTFFYN;
				GENERATE_INFOPLIST_FILE = YES;
				INFOPLIST_FILE = StudyGaemi/Info.plist;
				INFOPLIST_KEY_UIApplicationSupportsIndirectInputEvents = YES;
				INFOPLIST_KEY_UILaunchStoryboardName = LaunchScreen;
				INFOPLIST_KEY_UIMainStoryboardFile = Main;
				INFOPLIST_KEY_UISupportedInterfaceOrientations_iPad = "UIInterfaceOrientationPortrait UIInterfaceOrientationPortraitUpsideDown UIInterfaceOrientationLandscapeLeft UIInterfaceOrientationLandscapeRight";
				INFOPLIST_KEY_UISupportedInterfaceOrientations_iPhone = "UIInterfaceOrientationPortrait UIInterfaceOrientationLandscapeLeft UIInterfaceOrientationLandscapeRight";
				IPHONEOS_DEPLOYMENT_TARGET = 15.0;
				LD_RUNPATH_SEARCH_PATHS = (
					"$(inherited)",
					"@executable_path/Frameworks",
				);
				MARKETING_VERSION = 1.0;
				PRODUCT_BUNDLE_IDENTIFIER = com.8ttruck.StudyGaemi;
				PRODUCT_NAME = "$(TARGET_NAME)";
				PROVISIONING_PROFILE_SPECIFIER = "";
				"PROVISIONING_PROFILE_SPECIFIER[sdk=iphoneos*]" = "Gaemi Dev";
				SWIFT_EMIT_LOC_STRINGS = YES;
				SWIFT_VERSION = 5.0;
				TARGETED_DEVICE_FAMILY = "1,2";
			};
			name = Release;
		};
/* End XCBuildConfiguration section */

/* Begin XCConfigurationList section */
		FF00713F2C074D86000AE7AA /* Build configuration list for PBXProject "StudyGaemi" */ = {
			isa = XCConfigurationList;
			buildConfigurations = (
				FF0071592C074D88000AE7AA /* Debug */,
				FF00715A2C074D88000AE7AA /* Release */,
			);
			defaultConfigurationIsVisible = 0;
			defaultConfigurationName = Release;
		};
		FF00715B2C074D88000AE7AA /* Build configuration list for PBXNativeTarget "StudyGaemi" */ = {
			isa = XCConfigurationList;
			buildConfigurations = (
				FF00715C2C074D88000AE7AA /* Debug */,
				FF00715D2C074D88000AE7AA /* Release */,
			);
			defaultConfigurationIsVisible = 0;
			defaultConfigurationName = Release;
		};
/* End XCConfigurationList section */

/* Begin XCRemoteSwiftPackageReference section */
		F4E04FF92C0D8DE900802477 /* XCRemoteSwiftPackageReference "FSCalendar" */ = {
			isa = XCRemoteSwiftPackageReference;
			repositoryURL = "https://github.com/WenchaoD/FSCalendar.git";
			requirement = {
				kind = upToNextMajorVersion;
				minimumVersion = 2.8.4;
			};
		};
		FF00715E2C074DAD000AE7AA /* XCRemoteSwiftPackageReference "SnapKit" */ = {
			isa = XCRemoteSwiftPackageReference;
			repositoryURL = "https://github.com/SnapKit/SnapKit";
			requirement = {
				kind = exactVersion;
				version = 5.7.1;
			};
		};
		FF0071612C074DB7000AE7AA /* XCRemoteSwiftPackageReference "Then" */ = {
			isa = XCRemoteSwiftPackageReference;
			repositoryURL = "https://github.com/devxoul/Then";
			requirement = {
				kind = exactVersion;
				version = 3.0.0;
			};
		};
		FF0071642C074DCD000AE7AA /* XCRemoteSwiftPackageReference "kakao-ios-sdk" */ = {
			isa = XCRemoteSwiftPackageReference;
			repositoryURL = "https://github.com/kakao/kakao-ios-sdk";
			requirement = {
				kind = exactVersion;
				version = 2.22.2;
			};
		};
		FF0071692C074DFA000AE7AA /* XCRemoteSwiftPackageReference "firebase-ios-sdk" */ = {
			isa = XCRemoteSwiftPackageReference;
			repositoryURL = "https://github.com/firebase/firebase-ios-sdk.git";
			requirement = {
				kind = exactVersion;
				version = 10.26.0;
			};
		};
/* End XCRemoteSwiftPackageReference section */

/* Begin XCSwiftPackageProductDependency section */
		F4E04FFA2C0D8DE900802477 /* FSCalendar */ = {
			isa = XCSwiftPackageProductDependency;
			package = F4E04FF92C0D8DE900802477 /* XCRemoteSwiftPackageReference "FSCalendar" */;
			productName = FSCalendar;
		};
		FF00715F2C074DAD000AE7AA /* SnapKit */ = {
			isa = XCSwiftPackageProductDependency;
			package = FF00715E2C074DAD000AE7AA /* XCRemoteSwiftPackageReference "SnapKit" */;
			productName = SnapKit;
		};
		FF0071622C074DB7000AE7AA /* Then */ = {
			isa = XCSwiftPackageProductDependency;
			package = FF0071612C074DB7000AE7AA /* XCRemoteSwiftPackageReference "Then" */;
			productName = Then;
		};
		FF0071652C074DCD000AE7AA /* KakaoSDK */ = {
			isa = XCSwiftPackageProductDependency;
			package = FF0071642C074DCD000AE7AA /* XCRemoteSwiftPackageReference "kakao-ios-sdk" */;
			productName = KakaoSDK;
		};
		FF0071672C074DCD000AE7AA /* KakaoSDKAuth */ = {
			isa = XCSwiftPackageProductDependency;
			package = FF0071642C074DCD000AE7AA /* XCRemoteSwiftPackageReference "kakao-ios-sdk" */;
			productName = KakaoSDKAuth;
		};
		FF00716A2C074DFA000AE7AA /* FirebaseAuth */ = {
			isa = XCSwiftPackageProductDependency;
			package = FF0071692C074DFA000AE7AA /* XCRemoteSwiftPackageReference "firebase-ios-sdk" */;
			productName = FirebaseAuth;
		};
		FF00716C2C074DFA000AE7AA /* FirebaseAuthCombine-Community */ = {
			isa = XCSwiftPackageProductDependency;
			package = FF0071692C074DFA000AE7AA /* XCRemoteSwiftPackageReference "firebase-ios-sdk" */;
			productName = "FirebaseAuthCombine-Community";
		};
		FF00716E2C074DFA000AE7AA /* FirebaseDatabase */ = {
			isa = XCSwiftPackageProductDependency;
			package = FF0071692C074DFA000AE7AA /* XCRemoteSwiftPackageReference "firebase-ios-sdk" */;
			productName = FirebaseDatabase;
		};
		FF0071702C074DFA000AE7AA /* FirebaseDatabaseSwift */ = {
			isa = XCSwiftPackageProductDependency;
			package = FF0071692C074DFA000AE7AA /* XCRemoteSwiftPackageReference "firebase-ios-sdk" */;
			productName = FirebaseDatabaseSwift;
		};
		FF0071722C074DFA000AE7AA /* FirebaseStorage */ = {
			isa = XCSwiftPackageProductDependency;
			package = FF0071692C074DFA000AE7AA /* XCRemoteSwiftPackageReference "firebase-ios-sdk" */;
			productName = FirebaseStorage;
		};
		FF0071742C074DFA000AE7AA /* FirebaseStorageCombine-Community */ = {
			isa = XCSwiftPackageProductDependency;
			package = FF0071692C074DFA000AE7AA /* XCRemoteSwiftPackageReference "firebase-ios-sdk" */;
			productName = "FirebaseStorageCombine-Community";
		};
/* End XCSwiftPackageProductDependency section */

/* Begin XCVersionGroup section */
		FF0071502C074D86000AE7AA /* StudyGaemi.xcdatamodeld */ = {
			isa = XCVersionGroup;
			children = (
				FF0071512C074D86000AE7AA /* StudyGaemi.xcdatamodel */,
			);
			currentVersion = FF0071512C074D86000AE7AA /* StudyGaemi.xcdatamodel */;
			path = StudyGaemi.xcdatamodeld;
			sourceTree = "<group>";
			versionGroupType = wrapper.xcdatamodel;
		};
/* End XCVersionGroup section */
	};
	rootObject = FF00713C2C074D86000AE7AA /* Project object */;
}
